
Microsoft Visual Studio Solution File, Format Version 12.00
# Visual Studio Version 17
VisualStudioVersion = 17.12.35527.113 d17.12
MinimumVisualStudioVersion = 10.0.40219.1
Project("{FAE04EC0-301F-11D3-BF4B-00C04F79EFBC}") = "AIRS.SharedLibrary", "AIRS.SharedLibrary\AIRS.SharedLibrary.csproj", "{F532C844-6639-4819-A11D-457DCBF4FD08}"
EndProject
Project("{2150E333-8FDC-42A3-9474-1A3956D46DE8}") = "Solution Items", "Solution Items", "{8B9D0FAC-034A-46D8-A1EA-C7B32647DE53}"
	ProjectSection(SolutionItems) = preProject
		.editorconfig = .editorconfig
	EndProjectSection
EndProject
Global
	GlobalSection(SolutionConfigurationPlatforms) = preSolution
		Debug|Any CPU = Debug|Any CPU
		Release|Any CPU = Release|Any CPU
	EndGlobalSection
	GlobalSection(ProjectConfigurationPlatforms) = postSolution
		{F532C844-6639-4819-A11D-457DCBF4FD08}.Debug|Any CPU.ActiveCfg = Debug|Any CPU
		{F532C844-6639-4819-A11D-457DCBF4FD08}.Debug|Any CPU.Build.0 = Debug|Any CPU
		{F532C844-6639-4819-A11D-457DCBF4FD08}.Release|Any CPU.ActiveCfg = Release|Any CPU
		{F532C844-6639-4819-A11D-457DCBF4FD08}.Release|Any CPU.Build.0 = Release|Any CPU
	EndGlobalSection
	GlobalSection(SolutionProperties) = preSolution
		HideSolutionNode = FALSE
	EndGlobalSection
EndGlobal
